
Microsoft Visual Studio Solution File, Format Version 12.00
# Visual Studio 15
VisualStudioVersion = 15.0.27004.2005
MinimumVisualStudioVersion = 10.0.40219.1
Project("{FAE04EC0-301F-11D3-BF4B-00C04F79EFBC}") = "GreenSa.Android", "GreenSa\GreenSa.Android\GreenSa.Android.csproj", "{229DD6F3-8E68-4099-9F56-196F1B84061C}"
EndProject
Project("{FAE04EC0-301F-11D3-BF4B-00C04F79EFBC}") = "GreenSa", "GreenSa\GreenSa\GreenSa.csproj", "{4B709EBA-13B9-4252-B42F-9F74D8A161F3}"
EndProject
Project("{FAE04EC0-301F-11D3-BF4B-00C04F79EFBC}") = "GreenSa.UWP", "GreenSa\GreenSa.UWP\GreenSa.UWP.csproj", "{20B7B5E6-0BE0-46B4-8DB0-605F685BB61E}"
EndProject
Project("{FAE04EC0-301F-11D3-BF4B-00C04F79EFBC}") = "GreenSa.iOS", "GreenSa\GreenSa.iOS\GreenSa.iOS.csproj", "{33033569-A678-4D13-BF46-6DF17C1FB5E9}"
EndProject
Global
	GlobalSection(SolutionConfigurationPlatforms) = preSolution
		Ad-Hoc|Any CPU = Ad-Hoc|Any CPU
		Ad-Hoc|ARM = Ad-Hoc|ARM
		Ad-Hoc|iPhone = Ad-Hoc|iPhone
		Ad-Hoc|iPhoneSimulator = Ad-Hoc|iPhoneSimulator
		Ad-Hoc|x64 = Ad-Hoc|x64
		Ad-Hoc|x86 = Ad-Hoc|x86
		AppStore|Any CPU = AppStore|Any CPU
		AppStore|ARM = AppStore|ARM
		AppStore|iPhone = AppStore|iPhone
		AppStore|iPhoneSimulator = AppStore|iPhoneSimulator
		AppStore|x64 = AppStore|x64
		AppStore|x86 = AppStore|x86
		Debug|Any CPU = Debug|Any CPU
		Debug|ARM = Debug|ARM
		Debug|iPhone = Debug|iPhone
		Debug|iPhoneSimulator = Debug|iPhoneSimulator
		Debug|x64 = Debug|x64
		Debug|x86 = Debug|x86
		Release|Any CPU = Release|Any CPU
		Release|ARM = Release|ARM
		Release|iPhone = Release|iPhone
		Release|iPhoneSimulator = Release|iPhoneSimulator
		Release|x64 = Release|x64
		Release|x86 = Release|x86
	EndGlobalSection
	GlobalSection(ProjectConfigurationPlatforms) = postSolution
		{229DD6F3-8E68-4099-9F56-196F1B84061C}.Ad-Hoc|Any CPU.ActiveCfg = Release|Any CPU
		{229DD6F3-8E68-4099-9F56-196F1B84061C}.Ad-Hoc|Any CPU.Build.0 = Release|Any CPU
		{229DD6F3-8E68-4099-9F56-196F1B84061C}.Ad-Hoc|Any CPU.Deploy.0 = Release|Any CPU
		{229DD6F3-8E68-4099-9F56-196F1B84061C}.Ad-Hoc|ARM.ActiveCfg = Release|Any CPU
		{229DD6F3-8E68-4099-9F56-196F1B84061C}.Ad-Hoc|ARM.Build.0 = Release|Any CPU
		{229DD6F3-8E68-4099-9F56-196F1B84061C}.Ad-Hoc|ARM.Deploy.0 = Release|Any CPU
		{229DD6F3-8E68-4099-9F56-196F1B84061C}.Ad-Hoc|iPhone.ActiveCfg = Release|Any CPU
		{229DD6F3-8E68-4099-9F56-196F1B84061C}.Ad-Hoc|iPhone.Build.0 = Release|Any CPU
		{229DD6F3-8E68-4099-9F56-196F1B84061C}.Ad-Hoc|iPhone.Deploy.0 = Release|Any CPU
		{229DD6F3-8E68-4099-9F56-196F1B84061C}.Ad-Hoc|iPhoneSimulator.ActiveCfg = Release|Any CPU
		{229DD6F3-8E68-4099-9F56-196F1B84061C}.Ad-Hoc|iPhoneSimulator.Build.0 = Release|Any CPU
		{229DD6F3-8E68-4099-9F56-196F1B84061C}.Ad-Hoc|iPhoneSimulator.Deploy.0 = Release|Any CPU
		{229DD6F3-8E68-4099-9F56-196F1B84061C}.Ad-Hoc|x64.ActiveCfg = Release|Any CPU
		{229DD6F3-8E68-4099-9F56-196F1B84061C}.Ad-Hoc|x64.Build.0 = Release|Any CPU
		{229DD6F3-8E68-4099-9F56-196F1B84061C}.Ad-Hoc|x64.Deploy.0 = Release|Any CPU
		{229DD6F3-8E68-4099-9F56-196F1B84061C}.Ad-Hoc|x86.ActiveCfg = Release|Any CPU
		{229DD6F3-8E68-4099-9F56-196F1B84061C}.Ad-Hoc|x86.Build.0 = Release|Any CPU
		{229DD6F3-8E68-4099-9F56-196F1B84061C}.Ad-Hoc|x86.Deploy.0 = Release|Any CPU
		{229DD6F3-8E68-4099-9F56-196F1B84061C}.AppStore|Any CPU.ActiveCfg = Release|Any CPU
		{229DD6F3-8E68-4099-9F56-196F1B84061C}.AppStore|Any CPU.Build.0 = Release|Any CPU
		{229DD6F3-8E68-4099-9F56-196F1B84061C}.AppStore|Any CPU.Deploy.0 = Release|Any CPU
		{229DD6F3-8E68-4099-9F56-196F1B84061C}.AppStore|ARM.ActiveCfg = Release|Any CPU
		{229DD6F3-8E68-4099-9F56-196F1B84061C}.AppStore|ARM.Build.0 = Release|Any CPU
		{229DD6F3-8E68-4099-9F56-196F1B84061C}.AppStore|ARM.Deploy.0 = Release|Any CPU
		{229DD6F3-8E68-4099-9F56-196F1B84061C}.AppStore|iPhone.ActiveCfg = Release|Any CPU
		{229DD6F3-8E68-4099-9F56-196F1B84061C}.AppStore|iPhone.Build.0 = Release|Any CPU
		{229DD6F3-8E68-4099-9F56-196F1B84061C}.AppStore|iPhone.Deploy.0 = Release|Any CPU
		{229DD6F3-8E68-4099-9F56-196F1B84061C}.AppStore|iPhoneSimulator.ActiveCfg = Release|Any CPU
		{229DD6F3-8E68-4099-9F56-196F1B84061C}.AppStore|iPhoneSimulator.Build.0 = Release|Any CPU
		{229DD6F3-8E68-4099-9F56-196F1B84061C}.AppStore|iPhoneSimulator.Deploy.0 = Release|Any CPU
		{229DD6F3-8E68-4099-9F56-196F1B84061C}.AppStore|x64.ActiveCfg = Release|Any CPU
		{229DD6F3-8E68-4099-9F56-196F1B84061C}.AppStore|x64.Build.0 = Release|Any CPU
		{229DD6F3-8E68-4099-9F56-196F1B84061C}.AppStore|x64.Deploy.0 = Release|Any CPU
		{229DD6F3-8E68-4099-9F56-196F1B84061C}.AppStore|x86.ActiveCfg = Release|Any CPU
		{229DD6F3-8E68-4099-9F56-196F1B84061C}.AppStore|x86.Build.0 = Release|Any CPU
		{229DD6F3-8E68-4099-9F56-196F1B84061C}.AppStore|x86.Deploy.0 = Release|Any CPU
		{229DD6F3-8E68-4099-9F56-196F1B84061C}.Debug|Any CPU.ActiveCfg = Debug|Any CPU
		{229DD6F3-8E68-4099-9F56-196F1B84061C}.Debug|Any CPU.Build.0 = Debug|Any CPU
		{229DD6F3-8E68-4099-9F56-196F1B84061C}.Debug|Any CPU.Deploy.0 = Debug|Any CPU
		{229DD6F3-8E68-4099-9F56-196F1B84061C}.Debug|ARM.ActiveCfg = Debug|Any CPU
		{229DD6F3-8E68-4099-9F56-196F1B84061C}.Debug|ARM.Build.0 = Debug|Any CPU
		{229DD6F3-8E68-4099-9F56-196F1B84061C}.Debug|ARM.Deploy.0 = Debug|Any CPU
		{229DD6F3-8E68-4099-9F56-196F1B84061C}.Debug|iPhone.ActiveCfg = Debug|Any CPU
		{229DD6F3-8E68-4099-9F56-196F1B84061C}.Debug|iPhone.Build.0 = Debug|Any CPU
		{229DD6F3-8E68-4099-9F56-196F1B84061C}.Debug|iPhone.Deploy.0 = Debug|Any CPU
		{229DD6F3-8E68-4099-9F56-196F1B84061C}.Debug|iPhoneSimulator.ActiveCfg = Debug|Any CPU
		{229DD6F3-8E68-4099-9F56-196F1B84061C}.Debug|iPhoneSimulator.Build.0 = Debug|Any CPU
		{229DD6F3-8E68-4099-9F56-196F1B84061C}.Debug|iPhoneSimulator.Deploy.0 = Debug|Any CPU
		{229DD6F3-8E68-4099-9F56-196F1B84061C}.Debug|x64.ActiveCfg = Debug|Any CPU
		{229DD6F3-8E68-4099-9F56-196F1B84061C}.Debug|x64.Build.0 = Debug|Any CPU
		{229DD6F3-8E68-4099-9F56-196F1B84061C}.Debug|x64.Deploy.0 = Debug|Any CPU
		{229DD6F3-8E68-4099-9F56-196F1B84061C}.Debug|x86.ActiveCfg = Debug|Any CPU
		{229DD6F3-8E68-4099-9F56-196F1B84061C}.Debug|x86.Build.0 = Debug|Any CPU
		{229DD6F3-8E68-4099-9F56-196F1B84061C}.Debug|x86.Deploy.0 = Debug|Any CPU
		{229DD6F3-8E68-4099-9F56-196F1B84061C}.Release|Any CPU.ActiveCfg = Release|Any CPU
		{229DD6F3-8E68-4099-9F56-196F1B84061C}.Release|Any CPU.Build.0 = Release|Any CPU
		{229DD6F3-8E68-4099-9F56-196F1B84061C}.Release|Any CPU.Deploy.0 = Release|Any CPU
		{229DD6F3-8E68-4099-9F56-196F1B84061C}.Release|ARM.ActiveCfg = Release|Any CPU
		{229DD6F3-8E68-4099-9F56-196F1B84061C}.Release|ARM.Build.0 = Release|Any CPU
		{229DD6F3-8E68-4099-9F56-196F1B84061C}.Release|ARM.Deploy.0 = Release|Any CPU
		{229DD6F3-8E68-4099-9F56-196F1B84061C}.Release|iPhone.ActiveCfg = Release|Any CPU
		{229DD6F3-8E68-4099-9F56-196F1B84061C}.Release|iPhone.Build.0 = Release|Any CPU
		{229DD6F3-8E68-4099-9F56-196F1B84061C}.Release|iPhone.Deploy.0 = Release|Any CPU
		{229DD6F3-8E68-4099-9F56-196F1B84061C}.Release|iPhoneSimulator.ActiveCfg = Release|Any CPU
		{229DD6F3-8E68-4099-9F56-196F1B84061C}.Release|iPhoneSimulator.Build.0 = Release|Any CPU
		{229DD6F3-8E68-4099-9F56-196F1B84061C}.Release|iPhoneSimulator.Deploy.0 = Release|Any CPU
		{229DD6F3-8E68-4099-9F56-196F1B84061C}.Release|x64.ActiveCfg = Release|Any CPU
		{229DD6F3-8E68-4099-9F56-196F1B84061C}.Release|x64.Build.0 = Release|Any CPU
		{229DD6F3-8E68-4099-9F56-196F1B84061C}.Release|x64.Deploy.0 = Release|Any CPU
		{229DD6F3-8E68-4099-9F56-196F1B84061C}.Release|x86.ActiveCfg = Release|Any CPU
		{229DD6F3-8E68-4099-9F56-196F1B84061C}.Release|x86.Build.0 = Release|Any CPU
		{229DD6F3-8E68-4099-9F56-196F1B84061C}.Release|x86.Deploy.0 = Release|Any CPU
		{4B709EBA-13B9-4252-B42F-9F74D8A161F3}.Ad-Hoc|Any CPU.ActiveCfg = Release|Any CPU
		{4B709EBA-13B9-4252-B42F-9F74D8A161F3}.Ad-Hoc|Any CPU.Build.0 = Release|Any CPU
		{4B709EBA-13B9-4252-B42F-9F74D8A161F3}.Ad-Hoc|ARM.ActiveCfg = Release|Any CPU
		{4B709EBA-13B9-4252-B42F-9F74D8A161F3}.Ad-Hoc|ARM.Build.0 = Release|Any CPU
		{4B709EBA-13B9-4252-B42F-9F74D8A161F3}.Ad-Hoc|iPhone.ActiveCfg = Release|Any CPU
		{4B709EBA-13B9-4252-B42F-9F74D8A161F3}.Ad-Hoc|iPhone.Build.0 = Release|Any CPU
		{4B709EBA-13B9-4252-B42F-9F74D8A161F3}.Ad-Hoc|iPhoneSimulator.ActiveCfg = Release|Any CPU
		{4B709EBA-13B9-4252-B42F-9F74D8A161F3}.Ad-Hoc|iPhoneSimulator.Build.0 = Release|Any CPU
		{4B709EBA-13B9-4252-B42F-9F74D8A161F3}.Ad-Hoc|x64.ActiveCfg = Release|Any CPU
		{4B709EBA-13B9-4252-B42F-9F74D8A161F3}.Ad-Hoc|x64.Build.0 = Release|Any CPU
		{4B709EBA-13B9-4252-B42F-9F74D8A161F3}.Ad-Hoc|x86.ActiveCfg = Release|Any CPU
		{4B709EBA-13B9-4252-B42F-9F74D8A161F3}.Ad-Hoc|x86.Build.0 = Release|Any CPU
		{4B709EBA-13B9-4252-B42F-9F74D8A161F3}.AppStore|Any CPU.ActiveCfg = Release|Any CPU
		{4B709EBA-13B9-4252-B42F-9F74D8A161F3}.AppStore|Any CPU.Build.0 = Release|Any CPU
		{4B709EBA-13B9-4252-B42F-9F74D8A161F3}.AppStore|ARM.ActiveCfg = Release|Any CPU
		{4B709EBA-13B9-4252-B42F-9F74D8A161F3}.AppStore|ARM.Build.0 = Release|Any CPU
		{4B709EBA-13B9-4252-B42F-9F74D8A161F3}.AppStore|iPhone.ActiveCfg = Release|Any CPU
		{4B709EBA-13B9-4252-B42F-9F74D8A161F3}.AppStore|iPhone.Build.0 = Release|Any CPU
		{4B709EBA-13B9-4252-B42F-9F74D8A161F3}.AppStore|iPhoneSimulator.ActiveCfg = Release|Any CPU
		{4B709EBA-13B9-4252-B42F-9F74D8A161F3}.AppStore|iPhoneSimulator.Build.0 = Release|Any CPU
		{4B709EBA-13B9-4252-B42F-9F74D8A161F3}.AppStore|x64.ActiveCfg = Release|Any CPU
		{4B709EBA-13B9-4252-B42F-9F74D8A161F3}.AppStore|x64.Build.0 = Release|Any CPU
		{4B709EBA-13B9-4252-B42F-9F74D8A161F3}.AppStore|x86.ActiveCfg = Release|Any CPU
		{4B709EBA-13B9-4252-B42F-9F74D8A161F3}.AppStore|x86.Build.0 = Release|Any CPU
		{4B709EBA-13B9-4252-B42F-9F74D8A161F3}.Debug|Any CPU.ActiveCfg = Debug|Any CPU
		{4B709EBA-13B9-4252-B42F-9F74D8A161F3}.Debug|Any CPU.Build.0 = Debug|Any CPU
		{4B709EBA-13B9-4252-B42F-9F74D8A161F3}.Debug|ARM.ActiveCfg = Debug|Any CPU
		{4B709EBA-13B9-4252-B42F-9F74D8A161F3}.Debug|ARM.Build.0 = Debug|Any CPU
		{4B709EBA-13B9-4252-B42F-9F74D8A161F3}.Debug|iPhone.ActiveCfg = Debug|Any CPU
		{4B709EBA-13B9-4252-B42F-9F74D8A161F3}.Debug|iPhone.Build.0 = Debug|Any CPU
		{4B709EBA-13B9-4252-B42F-9F74D8A161F3}.Debug|iPhoneSimulator.ActiveCfg = Debug|Any CPU
		{4B709EBA-13B9-4252-B42F-9F74D8A161F3}.Debug|iPhoneSimulator.Build.0 = Debug|Any CPU
		{4B709EBA-13B9-4252-B42F-9F74D8A161F3}.Debug|x64.ActiveCfg = Debug|Any CPU
		{4B709EBA-13B9-4252-B42F-9F74D8A161F3}.Debug|x64.Build.0 = Debug|Any CPU
		{4B709EBA-13B9-4252-B42F-9F74D8A161F3}.Debug|x86.ActiveCfg = Debug|Any CPU
		{4B709EBA-13B9-4252-B42F-9F74D8A161F3}.Debug|x86.Build.0 = Debug|Any CPU
		{4B709EBA-13B9-4252-B42F-9F74D8A161F3}.Release|Any CPU.ActiveCfg = Release|Any CPU
		{4B709EBA-13B9-4252-B42F-9F74D8A161F3}.Release|Any CPU.Build.0 = Release|Any CPU
		{4B709EBA-13B9-4252-B42F-9F74D8A161F3}.Release|ARM.ActiveCfg = Release|Any CPU
		{4B709EBA-13B9-4252-B42F-9F74D8A161F3}.Release|ARM.Build.0 = Release|Any CPU
		{4B709EBA-13B9-4252-B42F-9F74D8A161F3}.Release|iPhone.ActiveCfg = Release|Any CPU
		{4B709EBA-13B9-4252-B42F-9F74D8A161F3}.Release|iPhone.Build.0 = Release|Any CPU
		{4B709EBA-13B9-4252-B42F-9F74D8A161F3}.Release|iPhoneSimulator.ActiveCfg = Release|Any CPU
		{4B709EBA-13B9-4252-B42F-9F74D8A161F3}.Release|iPhoneSimulator.Build.0 = Release|Any CPU
		{4B709EBA-13B9-4252-B42F-9F74D8A161F3}.Release|x64.ActiveCfg = Release|Any CPU
		{4B709EBA-13B9-4252-B42F-9F74D8A161F3}.Release|x64.Build.0 = Release|Any CPU
		{4B709EBA-13B9-4252-B42F-9F74D8A161F3}.Release|x86.ActiveCfg = Release|Any CPU
		{4B709EBA-13B9-4252-B42F-9F74D8A161F3}.Release|x86.Build.0 = Release|Any CPU
		{20B7B5E6-0BE0-46B4-8DB0-605F685BB61E}.Ad-Hoc|Any CPU.ActiveCfg = Release|x86
		{20B7B5E6-0BE0-46B4-8DB0-605F685BB61E}.Ad-Hoc|Any CPU.Build.0 = Release|x86
		{20B7B5E6-0BE0-46B4-8DB0-605F685BB61E}.Ad-Hoc|Any CPU.Deploy.0 = Release|x86
		{20B7B5E6-0BE0-46B4-8DB0-605F685BB61E}.Ad-Hoc|ARM.ActiveCfg = Release|ARM
		{20B7B5E6-0BE0-46B4-8DB0-605F685BB61E}.Ad-Hoc|ARM.Build.0 = Release|ARM
		{20B7B5E6-0BE0-46B4-8DB0-605F685BB61E}.Ad-Hoc|ARM.Deploy.0 = Release|ARM
		{20B7B5E6-0BE0-46B4-8DB0-605F685BB61E}.Ad-Hoc|iPhone.ActiveCfg = Release|x86
		{20B7B5E6-0BE0-46B4-8DB0-605F685BB61E}.Ad-Hoc|iPhone.Build.0 = Release|x86
		{20B7B5E6-0BE0-46B4-8DB0-605F685BB61E}.Ad-Hoc|iPhone.Deploy.0 = Release|x86
		{20B7B5E6-0BE0-46B4-8DB0-605F685BB61E}.Ad-Hoc|iPhoneSimulator.ActiveCfg = Release|x86
		{20B7B5E6-0BE0-46B4-8DB0-605F685BB61E}.Ad-Hoc|iPhoneSimulator.Build.0 = Release|x86
		{20B7B5E6-0BE0-46B4-8DB0-605F685BB61E}.Ad-Hoc|iPhoneSimulator.Deploy.0 = Release|x86
		{20B7B5E6-0BE0-46B4-8DB0-605F685BB61E}.Ad-Hoc|x64.ActiveCfg = Release|x64
		{20B7B5E6-0BE0-46B4-8DB0-605F685BB61E}.Ad-Hoc|x64.Build.0 = Release|x64
		{20B7B5E6-0BE0-46B4-8DB0-605F685BB61E}.Ad-Hoc|x64.Deploy.0 = Release|x64
		{20B7B5E6-0BE0-46B4-8DB0-605F685BB61E}.Ad-Hoc|x86.ActiveCfg = Release|x86
		{20B7B5E6-0BE0-46B4-8DB0-605F685BB61E}.Ad-Hoc|x86.Build.0 = Release|x86
		{20B7B5E6-0BE0-46B4-8DB0-605F685BB61E}.Ad-Hoc|x86.Deploy.0 = Release|x86
		{20B7B5E6-0BE0-46B4-8DB0-605F685BB61E}.AppStore|Any CPU.ActiveCfg = Release|x86
		{20B7B5E6-0BE0-46B4-8DB0-605F685BB61E}.AppStore|Any CPU.Build.0 = Release|x86
		{20B7B5E6-0BE0-46B4-8DB0-605F685BB61E}.AppStore|Any CPU.Deploy.0 = Release|x86
		{20B7B5E6-0BE0-46B4-8DB0-605F685BB61E}.AppStore|ARM.ActiveCfg = Release|ARM
		{20B7B5E6-0BE0-46B4-8DB0-605F685BB61E}.AppStore|ARM.Build.0 = Release|ARM
		{20B7B5E6-0BE0-46B4-8DB0-605F685BB61E}.AppStore|ARM.Deploy.0 = Release|ARM
		{20B7B5E6-0BE0-46B4-8DB0-605F685BB61E}.AppStore|iPhone.ActiveCfg = Release|x86
		{20B7B5E6-0BE0-46B4-8DB0-605F685BB61E}.AppStore|iPhone.Build.0 = Release|x86
		{20B7B5E6-0BE0-46B4-8DB0-605F685BB61E}.AppStore|iPhone.Deploy.0 = Release|x86
		{20B7B5E6-0BE0-46B4-8DB0-605F685BB61E}.AppStore|iPhoneSimulator.ActiveCfg = Release|x86
		{20B7B5E6-0BE0-46B4-8DB0-605F685BB61E}.AppStore|iPhoneSimulator.Build.0 = Release|x86
		{20B7B5E6-0BE0-46B4-8DB0-605F685BB61E}.AppStore|iPhoneSimulator.Deploy.0 = Release|x86
		{20B7B5E6-0BE0-46B4-8DB0-605F685BB61E}.AppStore|x64.ActiveCfg = Release|x64
		{20B7B5E6-0BE0-46B4-8DB0-605F685BB61E}.AppStore|x64.Build.0 = Release|x64
		{20B7B5E6-0BE0-46B4-8DB0-605F685BB61E}.AppStore|x64.Deploy.0 = Release|x64
		{20B7B5E6-0BE0-46B4-8DB0-605F685BB61E}.AppStore|x86.ActiveCfg = Release|x86
		{20B7B5E6-0BE0-46B4-8DB0-605F685BB61E}.AppStore|x86.Build.0 = Release|x86
		{20B7B5E6-0BE0-46B4-8DB0-605F685BB61E}.AppStore|x86.Deploy.0 = Release|x86
		{20B7B5E6-0BE0-46B4-8DB0-605F685BB61E}.Debug|Any CPU.ActiveCfg = Debug|x86
		{20B7B5E6-0BE0-46B4-8DB0-605F685BB61E}.Debug|ARM.ActiveCfg = Debug|ARM
		{20B7B5E6-0BE0-46B4-8DB0-605F685BB61E}.Debug|ARM.Build.0 = Debug|ARM
		{20B7B5E6-0BE0-46B4-8DB0-605F685BB61E}.Debug|ARM.Deploy.0 = Debug|ARM
		{20B7B5E6-0BE0-46B4-8DB0-605F685BB61E}.Debug|iPhone.ActiveCfg = Debug|x86
		{20B7B5E6-0BE0-46B4-8DB0-605F685BB61E}.Debug|iPhoneSimulator.ActiveCfg = Debug|x86
		{20B7B5E6-0BE0-46B4-8DB0-605F685BB61E}.Debug|x64.ActiveCfg = Debug|x64
		{20B7B5E6-0BE0-46B4-8DB0-605F685BB61E}.Debug|x64.Build.0 = Debug|x64
		{20B7B5E6-0BE0-46B4-8DB0-605F685BB61E}.Debug|x64.Deploy.0 = Debug|x64
		{20B7B5E6-0BE0-46B4-8DB0-605F685BB61E}.Debug|x86.ActiveCfg = Debug|x86
		{20B7B5E6-0BE0-46B4-8DB0-605F685BB61E}.Debug|x86.Build.0 = Debug|x86
		{20B7B5E6-0BE0-46B4-8DB0-605F685BB61E}.Debug|x86.Deploy.0 = Debug|x86
		{20B7B5E6-0BE0-46B4-8DB0-605F685BB61E}.Release|Any CPU.ActiveCfg = Release|x86
		{20B7B5E6-0BE0-46B4-8DB0-605F685BB61E}.Release|ARM.ActiveCfg = Release|ARM
		{20B7B5E6-0BE0-46B4-8DB0-605F685BB61E}.Release|ARM.Build.0 = Release|ARM
		{20B7B5E6-0BE0-46B4-8DB0-605F685BB61E}.Release|ARM.Deploy.0 = Release|ARM
		{20B7B5E6-0BE0-46B4-8DB0-605F685BB61E}.Release|iPhone.ActiveCfg = Release|x86
		{20B7B5E6-0BE0-46B4-8DB0-605F685BB61E}.Release|iPhoneSimulator.ActiveCfg = Release|x86
		{20B7B5E6-0BE0-46B4-8DB0-605F685BB61E}.Release|x64.ActiveCfg = Release|x64
		{20B7B5E6-0BE0-46B4-8DB0-605F685BB61E}.Release|x64.Build.0 = Release|x64
		{20B7B5E6-0BE0-46B4-8DB0-605F685BB61E}.Release|x64.Deploy.0 = Release|x64
		{20B7B5E6-0BE0-46B4-8DB0-605F685BB61E}.Release|x86.ActiveCfg = Release|x86
		{20B7B5E6-0BE0-46B4-8DB0-605F685BB61E}.Release|x86.Build.0 = Release|x86
		{20B7B5E6-0BE0-46B4-8DB0-605F685BB61E}.Release|x86.Deploy.0 = Release|x86
		{33033569-A678-4D13-BF46-6DF17C1FB5E9}.Ad-Hoc|Any CPU.ActiveCfg = Ad-Hoc|iPhoneSimulator
		{33033569-A678-4D13-BF46-6DF17C1FB5E9}.Ad-Hoc|ARM.ActiveCfg = Ad-Hoc|iPhone
		{33033569-A678-4D13-BF46-6DF17C1FB5E9}.Ad-Hoc|iPhone.ActiveCfg = Ad-Hoc|iPhone
		{33033569-A678-4D13-BF46-6DF17C1FB5E9}.Ad-Hoc|iPhone.Build.0 = Ad-Hoc|iPhone
		{33033569-A678-4D13-BF46-6DF17C1FB5E9}.Ad-Hoc|iPhoneSimulator.ActiveCfg = Ad-Hoc|iPhoneSimulator
		{33033569-A678-4D13-BF46-6DF17C1FB5E9}.Ad-Hoc|iPhoneSimulator.Build.0 = Ad-Hoc|iPhoneSimulator
		{33033569-A678-4D13-BF46-6DF17C1FB5E9}.Ad-Hoc|x64.ActiveCfg = Ad-Hoc|iPhone
		{33033569-A678-4D13-BF46-6DF17C1FB5E9}.Ad-Hoc|x86.ActiveCfg = Ad-Hoc|iPhone
		{33033569-A678-4D13-BF46-6DF17C1FB5E9}.AppStore|Any CPU.ActiveCfg = AppStore|iPhoneSimulator
		{33033569-A678-4D13-BF46-6DF17C1FB5E9}.AppStore|ARM.ActiveCfg = AppStore|iPhone
		{33033569-A678-4D13-BF46-6DF17C1FB5E9}.AppStore|iPhone.ActiveCfg = AppStore|iPhone
		{33033569-A678-4D13-BF46-6DF17C1FB5E9}.AppStore|iPhone.Build.0 = AppStore|iPhone
		{33033569-A678-4D13-BF46-6DF17C1FB5E9}.AppStore|iPhoneSimulator.ActiveCfg = AppStore|iPhoneSimulator
		{33033569-A678-4D13-BF46-6DF17C1FB5E9}.AppStore|iPhoneSimulator.Build.0 = AppStore|iPhoneSimulator
		{33033569-A678-4D13-BF46-6DF17C1FB5E9}.AppStore|x64.ActiveCfg = AppStore|iPhone
		{33033569-A678-4D13-BF46-6DF17C1FB5E9}.AppStore|x86.ActiveCfg = AppStore|iPhone
		{33033569-A678-4D13-BF46-6DF17C1FB5E9}.Debug|Any CPU.ActiveCfg = Debug|iPhoneSimulator
		{33033569-A678-4D13-BF46-6DF17C1FB5E9}.Debug|ARM.ActiveCfg = Debug|iPhone
		{33033569-A678-4D13-BF46-6DF17C1FB5E9}.Debug|iPhone.ActiveCfg = Debug|iPhone
		{33033569-A678-4D13-BF46-6DF17C1FB5E9}.Debug|iPhone.Build.0 = Debug|iPhone
		{33033569-A678-4D13-BF46-6DF17C1FB5E9}.Debug|iPhoneSimulator.ActiveCfg = Debug|iPhoneSimulator
		{33033569-A678-4D13-BF46-6DF17C1FB5E9}.Debug|iPhoneSimulator.Build.0 = Debug|iPhoneSimulator
		{33033569-A678-4D13-BF46-6DF17C1FB5E9}.Debug|x64.ActiveCfg = Debug|iPhone
		{33033569-A678-4D13-BF46-6DF17C1FB5E9}.Debug|x86.ActiveCfg = Debug|iPhone
		{33033569-A678-4D13-BF46-6DF17C1FB5E9}.Release|Any CPU.ActiveCfg = Release|iPhoneSimulator
		{33033569-A678-4D13-BF46-6DF17C1FB5E9}.Release|ARM.ActiveCfg = Release|iPhone
		{33033569-A678-4D13-BF46-6DF17C1FB5E9}.Release|iPhone.ActiveCfg = Release|iPhone
		{33033569-A678-4D13-BF46-6DF17C1FB5E9}.Release|iPhone.Build.0 = Release|iPhone
		{33033569-A678-4D13-BF46-6DF17C1FB5E9}.Release|iPhoneSimulator.ActiveCfg = Release|iPhoneSimulator
		{33033569-A678-4D13-BF46-6DF17C1FB5E9}.Release|iPhoneSimulator.Build.0 = Release|iPhoneSimulator
		{33033569-A678-4D13-BF46-6DF17C1FB5E9}.Release|x64.ActiveCfg = Release|iPhone
		{33033569-A678-4D13-BF46-6DF17C1FB5E9}.Release|x86.ActiveCfg = Release|iPhone
	EndGlobalSection
	GlobalSection(SolutionProperties) = preSolution
		HideSolutionNode = FALSE
	EndGlobalSection
	GlobalSection(ExtensibilityGlobals) = postSolution
		SolutionGuid = {74D7FADD-DED4-45B9-A7F9-910CC060A62C}
	EndGlobalSection
EndGlobal
